
Microsoft Visual Studio Solution File, Format Version 12.00
# Visual Studio Version 16
VisualStudioVersion = 16.0.30709.64
MinimumVisualStudioVersion = 10.0.40219.1
Project("{FAE04EC0-301F-11D3-BF4B-00C04F79EFBC}") = "Magazzz_app", "Magazzz_app\Magazzz_app.csproj", "{93669F0E-A089-4255-90DC-8A1C3D288FF0}"
EndProject
Global
	GlobalSection(SolutionConfigurationPlatforms) = preSolution
		Debug|Any CPU = Debug|Any CPU
		Release|Any CPU = Release|Any CPU
	EndGlobalSection
	GlobalSection(ProjectConfigurationPlatforms) = postSolution
		{93669F0E-A089-4255-90DC-8A1C3D288FF0}.Debug|Any CPU.ActiveCfg = Debug|Any CPU
		{93669F0E-A089-4255-90DC-8A1C3D288FF0}.Debug|Any CPU.Build.0 = Debug|Any CPU
		{93669F0E-A089-4255-90DC-8A1C3D288FF0}.Release|Any CPU.ActiveCfg = Release|Any CPU
		{93669F0E-A089-4255-90DC-8A1C3D288FF0}.Release|Any CPU.Build.0 = Release|Any CPU
	EndGlobalSection
	GlobalSection(SolutionProperties) = preSolution
		HideSolutionNode = FALSE
	EndGlobalSection
	GlobalSection(ExtensibilityGlobals) = postSolution
		SolutionGuid = {8C2B2FED-A8FC-4338-B38E-1C6106BDEC7E}
	EndGlobalSection
EndGlobal
